// !$*UTF8*$!
{
	archiveVersion = 1;
	classes = {
	};
	objectVersion = 50;
	objects = {

/* Begin PBXBuildFile section */
		710D342323E3C47400995450 /* const.swift in Sources */ = {isa = PBXBuildFile; fileRef = 710D342223E3C47400995450 /* const.swift */; };
		7119725123E14CF8004E106D /* AppDelegate.swift in Sources */ = {isa = PBXBuildFile; fileRef = 7119725023E14CF8004E106D /* AppDelegate.swift */; };
		7119725323E14CF8004E106D /* SceneDelegate.swift in Sources */ = {isa = PBXBuildFile; fileRef = 7119725223E14CF8004E106D /* SceneDelegate.swift */; };
		7119725A23E14CF9004E106D /* Assets.xcassets in Resources */ = {isa = PBXBuildFile; fileRef = 7119725923E14CF9004E106D /* Assets.xcassets */; };
		7119725D23E14CF9004E106D /* LaunchScreen.storyboard in Resources */ = {isa = PBXBuildFile; fileRef = 7119725B23E14CF9004E106D /* LaunchScreen.storyboard */; };
		7119726823E14DBE004E106D /* SCNavigationController.swift in Sources */ = {isa = PBXBuildFile; fileRef = 7119726723E14DBE004E106D /* SCNavigationController.swift */; };
		7119726A23E14DD6004E106D /* SCTabBarController.swift in Sources */ = {isa = PBXBuildFile; fileRef = 7119726923E14DD6004E106D /* SCTabBarController.swift */; };
		7119726C23E1532B004E106D /* HomeViewController.swift in Sources */ = {isa = PBXBuildFile; fileRef = 7119726B23E1532B004E106D /* HomeViewController.swift */; };
		7187E62D23E2B10400947417 /* SCTabBar.swift in Sources */ = {isa = PBXBuildFile; fileRef = 7187E62C23E2B10400947417 /* SCTabBar.swift */; };
		71FEBE3D23E1759600442120 /* VolcanoViewController.swift in Sources */ = {isa = PBXBuildFile; fileRef = 71FEBE3C23E1759600442120 /* VolcanoViewController.swift */; };
		71FEBE3F23E175A700442120 /* VideoViewController.swift in Sources */ = {isa = PBXBuildFile; fileRef = 71FEBE3E23E175A700442120 /* VideoViewController.swift */; };
		71FEBE4123E175B300442120 /* MySettingViewController.swift in Sources */ = {isa = PBXBuildFile; fileRef = 71FEBE4023E175B300442120 /* MySettingViewController.swift */; };
/* End PBXBuildFile section */

/* Begin PBXFileReference section */
		30BAC6A5114FB66C371B7987 /* Pods-Swift-今日头条02-项目搭建.debug.xcconfig */ = {isa = PBXFileReference; includeInIndex = 1; lastKnownFileType = text.xcconfig; name = "Pods-Swift-今日头条02-项目搭建.debug.xcconfig"; path = "Target Support Files/Pods-Swift-今日头条02-项目搭建/Pods-Swift-今日头条02-项目搭建.debug.xcconfig"; sourceTree = "<group>"; };
		710D342223E3C47400995450 /* const.swift */ = {isa = PBXFileReference; lastKnownFileType = sourcecode.swift; path = const.swift; sourceTree = "<group>"; };
		7119724D23E14CF8004E106D /* Swift-今日头条02-项目搭建.app */ = {isa = PBXFileReference; explicitFileType = wrapper.application; includeInIndex = 0; path = "Swift-今日头条02-项目搭建.app"; sourceTree = BUILT_PRODUCTS_DIR; };
		7119725023E14CF8004E106D /* AppDelegate.swift */ = {isa = PBXFileReference; lastKnownFileType = sourcecode.swift; path = AppDelegate.swift; sourceTree = "<group>"; };
		7119725223E14CF8004E106D /* SceneDelegate.swift */ = {isa = PBXFileReference; lastKnownFileType = sourcecode.swift; path = SceneDelegate.swift; sourceTree = "<group>"; };
		7119725923E14CF9004E106D /* Assets.xcassets */ = {isa = PBXFileReference; lastKnownFileType = folder.assetcatalog; path = Assets.xcassets; sourceTree = "<group>"; };
		7119725C23E14CF9004E106D /* Base */ = {isa = PBXFileReference; lastKnownFileType = file.storyboard; name = Base; path = Base.lproj/LaunchScreen.storyboard; sourceTree = "<group>"; };
		7119725E23E14CF9004E106D /* Info.plist */ = {isa = PBXFileReference; lastKnownFileType = text.plist.xml; path = Info.plist; sourceTree = "<group>"; };
		7119726723E14DBE004E106D /* SCNavigationController.swift */ = {isa = PBXFileReference; lastKnownFileType = sourcecode.swift; path = SCNavigationController.swift; sourceTree = "<group>"; };
		7119726923E14DD6004E106D /* SCTabBarController.swift */ = {isa = PBXFileReference; lastKnownFileType = sourcecode.swift; path = SCTabBarController.swift; sourceTree = "<group>"; };
		7119726B23E1532B004E106D /* HomeViewController.swift */ = {isa = PBXFileReference; lastKnownFileType = sourcecode.swift; path = HomeViewController.swift; sourceTree = "<group>"; };
		7187E62C23E2B10400947417 /* SCTabBar.swift */ = {isa = PBXFileReference; lastKnownFileType = sourcecode.swift; path = SCTabBar.swift; sourceTree = "<group>"; };
		71FEBE3C23E1759600442120 /* VolcanoViewController.swift */ = {isa = PBXFileReference; lastKnownFileType = sourcecode.swift; path = VolcanoViewController.swift; sourceTree = "<group>"; };
		71FEBE3E23E175A700442120 /* VideoViewController.swift */ = {isa = PBXFileReference; lastKnownFileType = sourcecode.swift; path = VideoViewController.swift; sourceTree = "<group>"; };
		71FEBE4023E175B300442120 /* MySettingViewController.swift */ = {isa = PBXFileReference; lastKnownFileType = sourcecode.swift; path = MySettingViewController.swift; sourceTree = "<group>"; };
		9D16E98A40102A6322E8273C /* Pods-Swift-今日头条02-项目搭建.release.xcconfig */ = {isa = PBXFileReference; includeInIndex = 1; lastKnownFileType = text.xcconfig; name = "Pods-Swift-今日头条02-项目搭建.release.xcconfig"; path = "Target Support Files/Pods-Swift-今日头条02-项目搭建/Pods-Swift-今日头条02-项目搭建.release.xcconfig"; sourceTree = "<group>"; };
		DCDE42DD981AA57DB09F9F92 /* Pods_Swift_____02_____.framework */ = {isa = PBXFileReference; explicitFileType = wrapper.framework; includeInIndex = 0; path = "Pods_Swift_____02_____.framework"; sourceTree = BUILT_PRODUCTS_DIR; };
/* End PBXFileReference section */

/* Begin PBXFrameworksBuildPhase section */
		7119724A23E14CF8004E106D /* Frameworks */ = {
			isa = PBXFrameworksBuildPhase;
			buildActionMask = 2147483647;
			files = (
			);
			runOnlyForDeploymentPostprocessing = 0;
		};
/* End PBXFrameworksBuildPhase section */

/* Begin PBXGroup section */
		2EE46F6AA547C42BF8D20A9F /* Frameworks */ = {
			isa = PBXGroup;
			children = (
				DCDE42DD981AA57DB09F9F92 /* Pods_Swift_____02_____.framework */,
			);
			name = Frameworks;
			sourceTree = "<group>";
		};
		7119724423E14CF8004E106D = {
			isa = PBXGroup;
			children = (
				7119724F23E14CF8004E106D /* Swift-今日头条02-项目搭建 */,
				7119724E23E14CF8004E106D /* Products */,
				F5660834003B315F86B49814 /* Pods */,
				2EE46F6AA547C42BF8D20A9F /* Frameworks */,
			);
			sourceTree = "<group>";
		};
		7119724E23E14CF8004E106D /* Products */ = {
			isa = PBXGroup;
			children = (
				7119724D23E14CF8004E106D /* Swift-今日头条02-项目搭建.app */,
			);
			name = Products;
			sourceTree = "<group>";
		};
		7119724F23E14CF8004E106D /* Swift-今日头条02-项目搭建 */ = {
			isa = PBXGroup;
			children = (
				711EEF2923E2E064003DD0B3 /* Others */,
				711EEF2823E2E05B003DD0B3 /* Video */,
				711EEF2723E2E053003DD0B3 /* Mine */,
				711EEF2623E2E047003DD0B3 /* HuoShan */,
				711EEF2523E2E032003DD0B3 /* Home */,
				7119726623E14D94004E106D /* main */,
				7119725923E14CF9004E106D /* Assets.xcassets */,
				7119725B23E14CF9004E106D /* LaunchScreen.storyboard */,
				7119725E23E14CF9004E106D /* Info.plist */,
			);
			path = "Swift-今日头条02-项目搭建";
			sourceTree = "<group>";
		};
		7119726623E14D94004E106D /* main */ = {
			isa = PBXGroup;
			children = (
				7119726723E14DBE004E106D /* SCNavigationController.swift */,
				7119726923E14DD6004E106D /* SCTabBarController.swift */,
				7187E62C23E2B10400947417 /* SCTabBar.swift */,
			);
			path = main;
			sourceTree = "<group>";
		};
		711EEF2523E2E032003DD0B3 /* Home */ = {
			isa = PBXGroup;
			children = (
				7119726B23E1532B004E106D /* HomeViewController.swift */,
			);
			path = Home;
			sourceTree = "<group>";
		};
		711EEF2623E2E047003DD0B3 /* HuoShan */ = {
			isa = PBXGroup;
			children = (
				71FEBE3C23E1759600442120 /* VolcanoViewController.swift */,
			);
			path = HuoShan;
			sourceTree = "<group>";
		};
		711EEF2723E2E053003DD0B3 /* Mine */ = {
			isa = PBXGroup;
			children = (
				71FEBE4023E175B300442120 /* MySettingViewController.swift */,
			);
			path = Mine;
			sourceTree = "<group>";
		};
		711EEF2823E2E05B003DD0B3 /* Video */ = {
			isa = PBXGroup;
			children = (
				71FEBE3E23E175A700442120 /* VideoViewController.swift */,
			);
			path = Video;
			sourceTree = "<group>";
		};
		711EEF2923E2E064003DD0B3 /* Others */ = {
			isa = PBXGroup;
			children = (
				7119725023E14CF8004E106D /* AppDelegate.swift */,
				7119725223E14CF8004E106D /* SceneDelegate.swift */,
				710D342223E3C47400995450 /* const.swift */,
			);
			path = Others;
			sourceTree = "<group>";
		};
		F5660834003B315F86B49814 /* Pods */ = {
			isa = PBXGroup;
			children = (
				30BAC6A5114FB66C371B7987 /* Pods-Swift-今日头条02-项目搭建.debug.xcconfig */,
				9D16E98A40102A6322E8273C /* Pods-Swift-今日头条02-项目搭建.release.xcconfig */,
			);
			path = Pods;
			sourceTree = "<group>";
		};
/* End PBXGroup section */

/* Begin PBXNativeTarget section */
		7119724C23E14CF8004E106D /* Swift-今日头条02-项目搭建 */ = {
			isa = PBXNativeTarget;
			buildConfigurationList = 7119726123E14CF9004E106D /* Build configuration list for PBXNativeTarget "Swift-今日头条02-项目搭建" */;
			buildPhases = (
				CF8608F38BA0E60D17B3254A /* [CP] Check Pods Manifest.lock */,
				7119724923E14CF8004E106D /* Sources */,
				7119724A23E14CF8004E106D /* Frameworks */,
				7119724B23E14CF8004E106D /* Resources */,
			);
			buildRules = (
			);
			dependencies = (
			);
			name = "Swift-今日头条02-项目搭建";
			productName = "Swift-今日头条02-项目搭建";
			productReference = 7119724D23E14CF8004E106D /* Swift-今日头条02-项目搭建.app */;
			productType = "com.apple.product-type.application";
		};
/* End PBXNativeTarget section */

/* Begin PBXProject section */
		7119724523E14CF8004E106D /* Project object */ = {
			isa = PBXProject;
			attributes = {
				LastSwiftUpdateCheck = 1100;
				LastUpgradeCheck = 1100;
				ORGANIZATIONNAME = "Evan Yang";
				TargetAttributes = {
					7119724C23E14CF8004E106D = {
						CreatedOnToolsVersion = 11.0;
					};
				};
			};
			buildConfigurationList = 7119724823E14CF8004E106D /* Build configuration list for PBXProject "Swift-今日头条02-项目搭建" */;
			compatibilityVersion = "Xcode 9.3";
			developmentRegion = en;
			hasScannedForEncodings = 0;
			knownRegions = (
				en,
				Base,
			);
			mainGroup = 7119724423E14CF8004E106D;
			productRefGroup = 7119724E23E14CF8004E106D /* Products */;
			projectDirPath = "";
			projectRoot = "";
			targets = (
				7119724C23E14CF8004E106D /* Swift-今日头条02-项目搭建 */,
			);
		};
/* End PBXProject section */

/* Begin PBXResourcesBuildPhase section */
		7119724B23E14CF8004E106D /* Resources */ = {
			isa = PBXResourcesBuildPhase;
			buildActionMask = 2147483647;
			files = (
				7119725D23E14CF9004E106D /* LaunchScreen.storyboard in Resources */,
				7119725A23E14CF9004E106D /* Assets.xcassets in Resources */,
			);
			runOnlyForDeploymentPostprocessing = 0;
		};
/* End PBXResourcesBuildPhase section */

/* Begin PBXShellScriptBuildPhase section */
		CF8608F38BA0E60D17B3254A /* [CP] Check Pods Manifest.lock */ = {
			isa = PBXShellScriptBuildPhase;
			buildActionMask = 2147483647;
			files = (
			);
			inputFileListPaths = (
			);
			inputPaths = (
				"${PODS_PODFILE_DIR_PATH}/Podfile.lock",
				"${PODS_ROOT}/Manifest.lock",
			);
			name = "[CP] Check Pods Manifest.lock";
			outputFileListPaths = (
			);
			outputPaths = (
				"$(DERIVED_FILE_DIR)/Pods-Swift-今日头条02-项目搭建-checkManifestLockResult.txt",
			);
			runOnlyForDeploymentPostprocessing = 0;
			shellPath = /bin/sh;
			shellScript = "diff \"${PODS_PODFILE_DIR_PATH}/Podfile.lock\" \"${PODS_ROOT}/Manifest.lock\" > /dev/null\nif [ $? != 0 ] ; then\n    # print error to STDERR\n    echo \"error: The sandbox is not in sync with the Podfile.lock. Run 'pod install' or update your CocoaPods installation.\" >&2\n    exit 1\nfi\n# This output is used by Xcode 'outputs' to avoid re-running this script phase.\necho \"SUCCESS\" > \"${SCRIPT_OUTPUT_FILE_0}\"\n";
			showEnvVarsInLog = 0;
		};
/* End PBXShellScriptBuildPhase section */

/* Begin PBXSourcesBuildPhase section */
		7119724923E14CF8004E106D /* Sources */ = {
			isa = PBXSourcesBuildPhase;
			buildActionMask = 2147483647;
			files = (
				7119726A23E14DD6004E106D /* SCTabBarController.swift in Sources */,
				71FEBE3F23E175A700442120 /* VideoViewController.swift in Sources */,
				71FEBE3D23E1759600442120 /* VolcanoViewController.swift in Sources */,
				71FEBE4123E175B300442120 /* MySettingViewController.swift in Sources */,
				7119726823E14DBE004E106D /* SCNavigationController.swift in Sources */,
				7119725123E14CF8004E106D /* AppDelegate.swift in Sources */,
				7187E62D23E2B10400947417 /* SCTabBar.swift in Sources */,
				7119725323E14CF8004E106D /* SceneDelegate.swift in Sources */,
				7119726C23E1532B004E106D /* HomeViewController.swift in Sources */,
				710D342323E3C47400995450 /* const.swift in Sources */,
			);
			runOnlyForDeploymentPostprocessing = 0;
		};
/* End PBXSourcesBuildPhase section */

/* Begin PBXVariantGroup section */
		7119725B23E14CF9004E106D /* LaunchScreen.storyboard */ = {
			isa = PBXVariantGroup;
			children = (
				7119725C23E14CF9004E106D /* Base */,
			);
			name = LaunchScreen.storyboard;
			sourceTree = "<group>";
		};
/* End PBXVariantGroup section */

/* Begin XCBuildConfiguration section */
		7119725F23E14CF9004E106D /* Debug */ = {
			isa = XCBuildConfiguration;
			buildSettings = {
				ALWAYS_SEARCH_USER_PATHS = NO;
				CLANG_ANALYZER_NONNULL = YES;
				CLANG_ANALYZER_NUMBER_OBJECT_CONVERSION = YES_AGGRESSIVE;
				CLANG_CXX_LANGUAGE_STANDARD = "gnu++14";
				CLANG_CXX_LIBRARY = "libc++";
				CLANG_ENABLE_MODULES = YES;
				CLANG_ENABLE_OBJC_ARC = YES;
				CLANG_ENABLE_OBJC_WEAK = YES;
				CLANG_WARN_BLOCK_CAPTURE_AUTORELEASING = YES;
				CLANG_WARN_BOOL_CONVERSION = YES;
				CLANG_WARN_COMMA = YES;
				CLANG_WARN_CONSTANT_CONVERSION = YES;
				CLANG_WARN_DEPRECATED_OBJC_IMPLEMENTATIONS = YES;
				CLANG_WARN_DIRECT_OBJC_ISA_USAGE = YES_ERROR;
				CLANG_WARN_DOCUMENTATION_COMMENTS = YES;
				CLANG_WARN_EMPTY_BODY = YES;
				CLANG_WARN_ENUM_CONVERSION = YES;
				CLANG_WARN_INFINITE_RECURSION = YES;
				CLANG_WARN_INT_CONVERSION = YES;
				CLANG_WARN_NON_LITERAL_NULL_CONVERSION = YES;
				CLANG_WARN_OBJC_IMPLICIT_RETAIN_SELF = YES;
				CLANG_WARN_OBJC_LITERAL_CONVERSION = YES;
				CLANG_WARN_OBJC_ROOT_CLASS = YES_ERROR;
				CLANG_WARN_RANGE_LOOP_ANALYSIS = YES;
				CLANG_WARN_STRICT_PROTOTYPES = YES;
				CLANG_WARN_SUSPICIOUS_MOVE = YES;
				CLANG_WARN_UNGUARDED_AVAILABILITY = YES_AGGRESSIVE;
				CLANG_WARN_UNREACHABLE_CODE = YES;
				CLANG_WARN__DUPLICATE_METHOD_MATCH = YES;
				COPY_PHASE_STRIP = NO;
				DEBUG_INFORMATION_FORMAT = dwarf;
				ENABLE_STRICT_OBJC_MSGSEND = YES;
				ENABLE_TESTABILITY = YES;
				GCC_C_LANGUAGE_STANDARD = gnu11;
				GCC_DYNAMIC_NO_PIC = NO;
				GCC_NO_COMMON_BLOCKS = YES;
				GCC_OPTIMIZATION_LEVEL = 0;
				GCC_PREPROCESSOR_DEFINITIONS = (
					"DEBUG=1",
					"$(inherited)",
				);
				GCC_WARN_64_TO_32_BIT_CONVERSION = YES;
				GCC_WARN_ABOUT_RETURN_TYPE = YES_ERROR;
				GCC_WARN_UNDECLARED_SELECTOR = YES;
				GCC_WARN_UNINITIALIZED_AUTOS = YES_AGGRESSIVE;
				GCC_WARN_UNUSED_FUNCTION = YES;
				GCC_WARN_UNUSED_VARIABLE = YES;
				IPHONEOS_DEPLOYMENT_TARGET = 13.0;
				MTL_ENABLE_DEBUG_INFO = INCLUDE_SOURCE;
				MTL_FAST_MATH = YES;
				ONLY_ACTIVE_ARCH = YES;
				SDKROOT = iphoneos;
				SWIFT_ACTIVE_COMPILATION_CONDITIONS = DEBUG;
				SWIFT_OPTIMIZATION_LEVEL = "-Onone";
			};
			name = Debug;
		};
		7119726023E14CF9004E106D /* Release */ = {
			isa = XCBuildConfiguration;
			buildSettings = {
				ALWAYS_SEARCH_USER_PATHS = NO;
				CLANG_ANALYZER_NONNULL = YES;
				CLANG_ANALYZER_NUMBER_OBJECT_CONVERSION = YES_AGGRESSIVE;
				CLANG_CXX_LANGUAGE_STANDARD = "gnu++14";
				CLANG_CXX_LIBRARY = "libc++";
				CLANG_ENABLE_MODULES = YES;
				CLANG_ENABLE_OBJC_ARC = YES;
				CLANG_ENABLE_OBJC_WEAK = YES;
				CLANG_WARN_BLOCK_CAPTURE_AUTORELEASING = YES;
				CLANG_WARN_BOOL_CONVERSION = YES;
				CLANG_WARN_COMMA = YES;
				CLANG_WARN_CONSTANT_CONVERSION = YES;
				CLANG_WARN_DEPRECATED_OBJC_IMPLEMENTATIONS = YES;
				CLANG_WARN_DIRECT_OBJC_ISA_USAGE = YES_ERROR;
				CLANG_WARN_DOCUMENTATION_COMMENTS = YES;
				CLANG_WARN_EMPTY_BODY = YES;
				CLANG_WARN_ENUM_CONVERSION = YES;
				CLANG_WARN_INFINITE_RECURSION = YES;
				CLANG_WARN_INT_CONVERSION = YES;
				CLANG_WARN_NON_LITERAL_NULL_CONVERSION = YES;
				CLANG_WARN_OBJC_IMPLICIT_RETAIN_SELF = YES;
				CLANG_WARN_OBJC_LITERAL_CONVERSION = YES;
				CLANG_WARN_OBJC_ROOT_CLASS = YES_ERROR;
				CLANG_WARN_RANGE_LOOP_ANALYSIS = YES;
				CLANG_WARN_STRICT_PROTOTYPES = YES;
				CLANG_WARN_SUSPICIOUS_MOVE = YES;
				CLANG_WARN_UNGUARDED_AVAILABILITY = YES_AGGRESSIVE;
				CLANG_WARN_UNREACHABLE_CODE = YES;
				CLANG_WARN__DUPLICATE_METHOD_MATCH = YES;
				COPY_PHASE_STRIP = NO;
				DEBUG_INFORMATION_FORMAT = "dwarf-with-dsym";
				ENABLE_NS_ASSERTIONS = NO;
				ENABLE_STRICT_OBJC_MSGSEND = YES;
				GCC_C_LANGUAGE_STANDARD = gnu11;
				GCC_NO_COMMON_BLOCKS = YES;
				GCC_WARN_64_TO_32_BIT_CONVERSION = YES;
				GCC_WARN_ABOUT_RETURN_TYPE = YES_ERROR;
				GCC_WARN_UNDECLARED_SELECTOR = YES;
				GCC_WARN_UNINITIALIZED_AUTOS = YES_AGGRESSIVE;
				GCC_WARN_UNUSED_FUNCTION = YES;
				GCC_WARN_UNUSED_VARIABLE = YES;
				IPHONEOS_DEPLOYMENT_TARGET = 13.0;
				MTL_ENABLE_DEBUG_INFO = NO;
				MTL_FAST_MATH = YES;
				SDKROOT = iphoneos;
				SWIFT_COMPILATION_MODE = wholemodule;
				SWIFT_OPTIMIZATION_LEVEL = "-O";
				VALIDATE_PRODUCT = YES;
			};
			name = Release;
		};
		7119726223E14CF9004E106D /* Debug */ = {
			isa = XCBuildConfiguration;
			baseConfigurationReference = 30BAC6A5114FB66C371B7987 /* Pods-Swift-今日头条02-项目搭建.debug.xcconfig */;
			buildSettings = {
				ASSETCATALOG_COMPILER_APPICON_NAME = AppIcon;
				CODE_SIGN_STYLE = Automatic;
				DEVELOPMENT_TEAM = 88E42JQ9R5;
				INFOPLIST_FILE = "Swift-今日头条02-项目搭建/Info.plist";
				LD_RUNPATH_SEARCH_PATHS = (
					"$(inherited)",
					"@executable_path/Frameworks",
				);
				PRODUCT_BUNDLE_IDENTIFIER = "EvanYang.Swift-----02-----";
				PRODUCT_NAME = "$(TARGET_NAME)";
				SWIFT_VERSION = 5.0;
				TARGETED_DEVICE_FAMILY = "1,2";
			};
			name = Debug;
		};
		7119726323E14CF9004E106D /* Release */ = {
			isa = XCBuildConfiguration;
			baseConfigurationReference = 9D16E98A40102A6322E8273C /* Pods-Swift-今日头条02-项目搭建.release.xcconfig */;
			buildSettings = {
				ASSETCATALOG_COMPILER_APPICON_NAME = AppIcon;
				CODE_SIGN_STYLE = Automatic;
				DEVELOPMENT_TEAM = 88E42JQ9R5;
				INFOPLIST_FILE = "Swift-今日头条02-项目搭建/Info.plist";
				LD_RUNPATH_SEARCH_PATHS = (
					"$(inherited)",
					"@executable_path/Frameworks",
				);
				PRODUCT_BUNDLE_IDENTIFIER = "EvanYang.Swift-----02-----";
				PRODUCT_NAME = "$(TARGET_NAME)";
				SWIFT_VERSION = 5.0;
				TARGETED_DEVICE_FAMILY = "1,2";
			};
			name = Release;
		};
/* End XCBuildConfiguration section */

/* Begin XCConfigurationList section */
		7119724823E14CF8004E106D /* Build configuration list for PBXProject "Swift-今日头条02-项目搭建" */ = {
			isa = XCConfigurationList;
			buildConfigurations = (
				7119725F23E14CF9004E106D /* Debug */,
				7119726023E14CF9004E106D /* Release */,
			);
			defaultConfigurationIsVisible = 0;
			defaultConfigurationName = Release;
		};
		7119726123E14CF9004E106D /* Build configuration list for PBXNativeTarget "Swift-今日头条02-项目搭建" */ = {
			isa = XCConfigurationList;
			buildConfigurations = (
				7119726223E14CF9004E106D /* Debug */,
				7119726323E14CF9004E106D /* Release */,
			);
			defaultConfigurationIsVisible = 0;
			defaultConfigurationName = Release;
		};
/* End XCConfigurationList section */
	};
	rootObject = 7119724523E14CF8004E106D /* Project object */;
}
